
Microsoft Visual Studio Solution File, Format Version 12.00
# Visual Studio 15
VisualStudioVersion = 15.0.27428.2037
MinimumVisualStudioVersion = 10.0.40219.1
Project("{FAE04EC0-301F-11D3-BF4B-00C04F79EFBC}") = "Untitled.Android", "Untitled.Android\Untitled.Android.csproj", "{884AA0E8-0BD6-4B94-B33F-1B9A13B439F5}"
EndProject
Project("{D954291E-2A0B-460D-934E-DC6B0785DB48}") = "Untitled", "Untitled\Untitled.shproj", "{2129B7FF-F175-4F48-8A30-4409F57C141B}"
EndProject
Project("{D954291E-2A0B-460D-934E-DC6B0785DB48}") = "Hydra", "..\hydra\Hydra.shproj", "{1FE6106F-E823-499B-9206-285D53FD4AF0}"
EndProject
Global
	GlobalSection(SolutionConfigurationPlatforms) = preSolution
		Debug|Any CPU = Debug|Any CPU
		Release|Any CPU = Release|Any CPU
	EndGlobalSection
	GlobalSection(ProjectConfigurationPlatforms) = postSolution
		{884AA0E8-0BD6-4B94-B33F-1B9A13B439F5}.Debug|Any CPU.ActiveCfg = Debug|Any CPU
		{884AA0E8-0BD6-4B94-B33F-1B9A13B439F5}.Debug|Any CPU.Build.0 = Debug|Any CPU
		{884AA0E8-0BD6-4B94-B33F-1B9A13B439F5}.Debug|Any CPU.Deploy.0 = Debug|Any CPU
		{884AA0E8-0BD6-4B94-B33F-1B9A13B439F5}.Release|Any CPU.ActiveCfg = Release|Any CPU
		{884AA0E8-0BD6-4B94-B33F-1B9A13B439F5}.Release|Any CPU.Build.0 = Release|Any CPU
		{884AA0E8-0BD6-4B94-B33F-1B9A13B439F5}.Release|Any CPU.Deploy.0 = Release|Any CPU
	EndGlobalSection
	GlobalSection(SolutionProperties) = preSolution
		HideSolutionNode = FALSE
	EndGlobalSection
	GlobalSection(ExtensibilityGlobals) = postSolution
		SolutionGuid = {D6896D95-6C39-4162-A456-9B53C24D179C}
	EndGlobalSection
EndGlobal
