
Microsoft Visual Studio Solution File, Format Version 12.00
# Visual Studio 2012
Project("{FAE04EC0-301F-11D3-BF4B-00C04F79EFBC}") = "Untitled.iOS", "Untitled.iOS\Untitled.iOS.csproj", "{7C0A04D2-49B5-4B7C-BBE4-4A31D2333A2D}"
EndProject
Project("{D954291E-2A0B-460D-934E-DC6B0785DB48}") = "Untitled", "Untitled\Untitled.shproj", "{2129B7FF-F175-4F48-8A30-4409F57C141B}"
EndProject
Project("{D954291E-2A0B-460D-934E-DC6B0785DB48}") = "Hydra", "..\hydra\Hydra.shproj", "{1FE6106F-E823-499B-9206-285D53FD4AF0}"
EndProject
Global
	GlobalSection(SolutionConfigurationPlatforms) = preSolution
		Debug|iPhoneSimulator = Debug|iPhoneSimulator
		Release|iPhone = Release|iPhone
		Release|iPhoneSimulator = Release|iPhoneSimulator
		Debug|iPhone = Debug|iPhone
	EndGlobalSection
	GlobalSection(ProjectConfigurationPlatforms) = postSolution
		{7C0A04D2-49B5-4B7C-BBE4-4A31D2333A2D}.Debug|iPhoneSimulator.ActiveCfg = Debug|iPhoneSimulator
		{7C0A04D2-49B5-4B7C-BBE4-4A31D2333A2D}.Debug|iPhoneSimulator.Build.0 = Debug|iPhoneSimulator
		{7C0A04D2-49B5-4B7C-BBE4-4A31D2333A2D}.Release|iPhone.ActiveCfg = Release|iPhone
		{7C0A04D2-49B5-4B7C-BBE4-4A31D2333A2D}.Release|iPhone.Build.0 = Release|iPhone
		{7C0A04D2-49B5-4B7C-BBE4-4A31D2333A2D}.Release|iPhoneSimulator.ActiveCfg = Release|iPhoneSimulator
		{7C0A04D2-49B5-4B7C-BBE4-4A31D2333A2D}.Release|iPhoneSimulator.Build.0 = Release|iPhoneSimulator
		{7C0A04D2-49B5-4B7C-BBE4-4A31D2333A2D}.Debug|iPhone.ActiveCfg = Debug|iPhone
		{7C0A04D2-49B5-4B7C-BBE4-4A31D2333A2D}.Debug|iPhone.Build.0 = Debug|iPhone
	EndGlobalSection
EndGlobal
