
Microsoft Visual Studio Solution File, Format Version 12.00
# Visual Studio 15
VisualStudioVersion = 15.0.27428.2011
MinimumVisualStudioVersion = 10.0.40219.1
Project("{FAE04EC0-301F-11D3-BF4B-00C04F79EFBC}") = "Untitled.Windows", "Untitled.Windows\Untitled.Windows.csproj", "{D75CE20F-EF55-49C1-BF1D-383F736E692B}"
EndProject
Project("{D954291E-2A0B-460D-934E-DC6B0785DB48}") = "Hydra", "..\hydra\Hydra.shproj", "{1FE6106F-E823-499B-9206-285D53FD4AF0}"
EndProject
Project("{D954291E-2A0B-460D-934E-DC6B0785DB48}") = "Untitled", "Untitled\Untitled.shproj", "{2129B7FF-F175-4F48-8A30-4409F57C141B}"
EndProject
Global
	GlobalSection(SharedMSBuildProjectFiles) = preSolution
		..\hydra\Hydra.projitems*{1fe6106f-e823-499b-9206-285d53fd4af0}*SharedItemsImports = 13
		Untitled\Untitled.projitems*{2129b7ff-f175-4f48-8a30-4409f57c141b}*SharedItemsImports = 13
		..\hydra\Hydra.projitems*{d75ce20f-ef55-49c1-bf1d-383f736e692b}*SharedItemsImports = 4
		Untitled\Untitled.projitems*{d75ce20f-ef55-49c1-bf1d-383f736e692b}*SharedItemsImports = 4
	EndGlobalSection
	GlobalSection(SolutionConfigurationPlatforms) = preSolution
		Debug|x86 = Debug|x86
		Release|x86 = Release|x86
	EndGlobalSection
	GlobalSection(ProjectConfigurationPlatforms) = postSolution
		{D75CE20F-EF55-49C1-BF1D-383F736E692B}.Debug|x86.ActiveCfg = Debug|x86
		{D75CE20F-EF55-49C1-BF1D-383F736E692B}.Debug|x86.Build.0 = Debug|x86
		{D75CE20F-EF55-49C1-BF1D-383F736E692B}.Release|x86.ActiveCfg = Release|x86
		{D75CE20F-EF55-49C1-BF1D-383F736E692B}.Release|x86.Build.0 = Release|x86
	EndGlobalSection
	GlobalSection(SolutionProperties) = preSolution
		HideSolutionNode = FALSE
	EndGlobalSection
	GlobalSection(ExtensibilityGlobals) = postSolution
		SolutionGuid = {63F2946A-B653-4F88-B11D-647A0D00B7BC}
	EndGlobalSection
EndGlobal
